
Microsoft Visual Studio Solution File, Format Version 12.00
# Visual Studio Version 17
VisualStudioVersion = 17.0.31903.59
MinimumVisualStudioVersion = 10.0.40219.1
Project("{2150E333-8FDC-42A3-9474-1A3956D46DE8}") = "src", "src", "{827E0CD3-B72D-47B6-A68D-7590B98EB39B}"
EndProject
Project("{FAE04EC0-301F-11D3-BF4B-00C04F79EFBC}") = "Baseline.Poc", "src\Baseline.Poc\Baseline.Poc.csproj", "{98C448E7-10D2-4E90-88DE-CC3E11850F9F}"
EndProject
Project("{FAE04EC0-301F-11D3-BF4B-00C04F79EFBC}") = "Candidate.Poc", "src\Candidate.Poc\Candidate.Poc.csproj", "{15EC77D6-00B3-4297-A2C6-2713F9490D07}"
EndProject
Global
	GlobalSection(SolutionConfigurationPlatforms) = preSolution
		Debug|Any CPU = Debug|Any CPU
		Debug|x64 = Debug|x64
		Debug|x86 = Debug|x86
		Release|Any CPU = Release|Any CPU
		Release|x64 = Release|x64
		Release|x86 = Release|x86
	EndGlobalSection
	GlobalSection(ProjectConfigurationPlatforms) = postSolution
		{98C448E7-10D2-4E90-88DE-CC3E11850F9F}.Debug|Any CPU.ActiveCfg = Debug|Any CPU
		{98C448E7-10D2-4E90-88DE-CC3E11850F9F}.Debug|Any CPU.Build.0 = Debug|Any CPU
		{98C448E7-10D2-4E90-88DE-CC3E11850F9F}.Debug|x64.ActiveCfg = Debug|Any CPU
		{98C448E7-10D2-4E90-88DE-CC3E11850F9F}.Debug|x64.Build.0 = Debug|Any CPU
		{98C448E7-10D2-4E90-88DE-CC3E11850F9F}.Debug|x86.ActiveCfg = Debug|Any CPU
		{98C448E7-10D2-4E90-88DE-CC3E11850F9F}.Debug|x86.Build.0 = Debug|Any CPU
		{98C448E7-10D2-4E90-88DE-CC3E11850F9F}.Release|Any CPU.ActiveCfg = Release|Any CPU
		{98C448E7-10D2-4E90-88DE-CC3E11850F9F}.Release|Any CPU.Build.0 = Release|Any CPU
		{98C448E7-10D2-4E90-88DE-CC3E11850F9F}.Release|x64.ActiveCfg = Release|Any CPU
		{98C448E7-10D2-4E90-88DE-CC3E11850F9F}.Release|x64.Build.0 = Release|Any CPU
		{98C448E7-10D2-4E90-88DE-CC3E11850F9F}.Release|x86.ActiveCfg = Release|Any CPU
		{98C448E7-10D2-4E90-88DE-CC3E11850F9F}.Release|x86.Build.0 = Release|Any CPU
		{15EC77D6-00B3-4297-A2C6-2713F9490D07}.Debug|Any CPU.ActiveCfg = Debug|Any CPU
		{15EC77D6-00B3-4297-A2C6-2713F9490D07}.Debug|Any CPU.Build.0 = Debug|Any CPU
		{15EC77D6-00B3-4297-A2C6-2713F9490D07}.Debug|x64.ActiveCfg = Debug|Any CPU
		{15EC77D6-00B3-4297-A2C6-2713F9490D07}.Debug|x64.Build.0 = Debug|Any CPU
		{15EC77D6-00B3-4297-A2C6-2713F9490D07}.Debug|x86.ActiveCfg = Debug|Any CPU
		{15EC77D6-00B3-4297-A2C6-2713F9490D07}.Debug|x86.Build.0 = Debug|Any CPU
		{15EC77D6-00B3-4297-A2C6-2713F9490D07}.Release|Any CPU.ActiveCfg = Release|Any CPU
		{15EC77D6-00B3-4297-A2C6-2713F9490D07}.Release|Any CPU.Build.0 = Release|Any CPU
		{15EC77D6-00B3-4297-A2C6-2713F9490D07}.Release|x64.ActiveCfg = Release|Any CPU
		{15EC77D6-00B3-4297-A2C6-2713F9490D07}.Release|x64.Build.0 = Release|Any CPU
		{15EC77D6-00B3-4297-A2C6-2713F9490D07}.Release|x86.ActiveCfg = Release|Any CPU
		{15EC77D6-00B3-4297-A2C6-2713F9490D07}.Release|x86.Build.0 = Release|Any CPU
	EndGlobalSection
	GlobalSection(SolutionProperties) = preSolution
		HideSolutionNode = FALSE
	EndGlobalSection
	GlobalSection(NestedProjects) = preSolution
		{98C448E7-10D2-4E90-88DE-CC3E11850F9F} = {827E0CD3-B72D-47B6-A68D-7590B98EB39B}
		{15EC77D6-00B3-4297-A2C6-2713F9490D07} = {827E0CD3-B72D-47B6-A68D-7590B98EB39B}
	EndGlobalSection
EndGlobal
