
Microsoft Visual Studio Solution File, Format Version 12.00
# Visual Studio Version 17
VisualStudioVersion = 17.0.31903.59
MinimumVisualStudioVersion = 10.0.40219.1
Project("{2150E333-8FDC-42A3-9474-1A3956D46DE8}") = "src", "src", "{827E0CD3-B72D-47B6-A68D-7590B98EB39B}"
EndProject
Project("{FAE04EC0-301F-11D3-BF4B-00C04F79EFBC}") = "Adm.Storage.SafePath", "src\Adm.Storage.SafePath\Adm.Storage.SafePath.csproj", "{A8186521-B0C9-4612-BF22-41E146375142}"
EndProject
Project("{FAE04EC0-301F-11D3-BF4B-00C04F79EFBC}") = "PathSecurity.Poc", "src\PathSecurity.Poc\PathSecurity.Poc.csproj", "{E92FEF9F-5191-4C27-A4C6-D7EE2EFCCFF6}"
EndProject
Global
	GlobalSection(SolutionConfigurationPlatforms) = preSolution
		Debug|Any CPU = Debug|Any CPU
		Debug|x64 = Debug|x64
		Debug|x86 = Debug|x86
		Release|Any CPU = Release|Any CPU
		Release|x64 = Release|x64
		Release|x86 = Release|x86
	EndGlobalSection
	GlobalSection(ProjectConfigurationPlatforms) = postSolution
		{A8186521-B0C9-4612-BF22-41E146375142}.Debug|Any CPU.ActiveCfg = Debug|Any CPU
		{A8186521-B0C9-4612-BF22-41E146375142}.Debug|Any CPU.Build.0 = Debug|Any CPU
		{A8186521-B0C9-4612-BF22-41E146375142}.Debug|x64.ActiveCfg = Debug|Any CPU
		{A8186521-B0C9-4612-BF22-41E146375142}.Debug|x64.Build.0 = Debug|Any CPU
		{A8186521-B0C9-4612-BF22-41E146375142}.Debug|x86.ActiveCfg = Debug|Any CPU
		{A8186521-B0C9-4612-BF22-41E146375142}.Debug|x86.Build.0 = Debug|Any CPU
		{A8186521-B0C9-4612-BF22-41E146375142}.Release|Any CPU.ActiveCfg = Release|Any CPU
		{A8186521-B0C9-4612-BF22-41E146375142}.Release|Any CPU.Build.0 = Release|Any CPU
		{A8186521-B0C9-4612-BF22-41E146375142}.Release|x64.ActiveCfg = Release|Any CPU
		{A8186521-B0C9-4612-BF22-41E146375142}.Release|x64.Build.0 = Release|Any CPU
		{A8186521-B0C9-4612-BF22-41E146375142}.Release|x86.ActiveCfg = Release|Any CPU
		{A8186521-B0C9-4612-BF22-41E146375142}.Release|x86.Build.0 = Release|Any CPU
		{E92FEF9F-5191-4C27-A4C6-D7EE2EFCCFF6}.Debug|Any CPU.ActiveCfg = Debug|Any CPU
		{E92FEF9F-5191-4C27-A4C6-D7EE2EFCCFF6}.Debug|Any CPU.Build.0 = Debug|Any CPU
		{E92FEF9F-5191-4C27-A4C6-D7EE2EFCCFF6}.Debug|x64.ActiveCfg = Debug|Any CPU
		{E92FEF9F-5191-4C27-A4C6-D7EE2EFCCFF6}.Debug|x64.Build.0 = Debug|Any CPU
		{E92FEF9F-5191-4C27-A4C6-D7EE2EFCCFF6}.Debug|x86.ActiveCfg = Debug|Any CPU
		{E92FEF9F-5191-4C27-A4C6-D7EE2EFCCFF6}.Debug|x86.Build.0 = Debug|Any CPU
		{E92FEF9F-5191-4C27-A4C6-D7EE2EFCCFF6}.Release|Any CPU.ActiveCfg = Release|Any CPU
		{E92FEF9F-5191-4C27-A4C6-D7EE2EFCCFF6}.Release|Any CPU.Build.0 = Release|Any CPU
		{E92FEF9F-5191-4C27-A4C6-D7EE2EFCCFF6}.Release|x64.ActiveCfg = Release|Any CPU
		{E92FEF9F-5191-4C27-A4C6-D7EE2EFCCFF6}.Release|x64.Build.0 = Release|Any CPU
		{E92FEF9F-5191-4C27-A4C6-D7EE2EFCCFF6}.Release|x86.ActiveCfg = Release|Any CPU
		{E92FEF9F-5191-4C27-A4C6-D7EE2EFCCFF6}.Release|x86.Build.0 = Release|Any CPU
	EndGlobalSection
	GlobalSection(SolutionProperties) = preSolution
		HideSolutionNode = FALSE
	EndGlobalSection
	GlobalSection(NestedProjects) = preSolution
		{A8186521-B0C9-4612-BF22-41E146375142} = {827E0CD3-B72D-47B6-A68D-7590B98EB39B}
		{E92FEF9F-5191-4C27-A4C6-D7EE2EFCCFF6} = {827E0CD3-B72D-47B6-A68D-7590B98EB39B}
	EndGlobalSection
EndGlobal
