
Microsoft Visual Studio Solution File, Format Version 12.00
# Visual Studio Version 17
VisualStudioVersion = 17.0.31903.59
MinimumVisualStudioVersion = 10.0.40219.1
Project("{2150E333-8FDC-42A3-9474-1A3956D46DE8}") = "src", "src", "{827E0CD3-B72D-47B6-A68D-7590B98EB39B}"
EndProject
Project("{FAE04EC0-301F-11D3-BF4B-00C04F79EFBC}") = "Adm.Storage.AtomicFileWriter", "src\Adm.Storage.AtomicFileWriter\Adm.Storage.AtomicFileWriter.csproj", "{423FFDCA-8A50-4A0F-8BE6-0282E6F53402}"
EndProject
Project("{FAE04EC0-301F-11D3-BF4B-00C04F79EFBC}") = "AtomicSave.Poc", "src\AtomicSave.Poc\AtomicSave.Poc.csproj", "{53C9BA8E-67E2-487E-A257-25E8AB4A4C70}"
EndProject
Global
	GlobalSection(SolutionConfigurationPlatforms) = preSolution
		Debug|Any CPU = Debug|Any CPU
		Debug|x64 = Debug|x64
		Debug|x86 = Debug|x86
		Release|Any CPU = Release|Any CPU
		Release|x64 = Release|x64
		Release|x86 = Release|x86
	EndGlobalSection
	GlobalSection(ProjectConfigurationPlatforms) = postSolution
		{423FFDCA-8A50-4A0F-8BE6-0282E6F53402}.Debug|Any CPU.ActiveCfg = Debug|Any CPU
		{423FFDCA-8A50-4A0F-8BE6-0282E6F53402}.Debug|Any CPU.Build.0 = Debug|Any CPU
		{423FFDCA-8A50-4A0F-8BE6-0282E6F53402}.Debug|x64.ActiveCfg = Debug|Any CPU
		{423FFDCA-8A50-4A0F-8BE6-0282E6F53402}.Debug|x64.Build.0 = Debug|Any CPU
		{423FFDCA-8A50-4A0F-8BE6-0282E6F53402}.Debug|x86.ActiveCfg = Debug|Any CPU
		{423FFDCA-8A50-4A0F-8BE6-0282E6F53402}.Debug|x86.Build.0 = Debug|Any CPU
		{423FFDCA-8A50-4A0F-8BE6-0282E6F53402}.Release|Any CPU.ActiveCfg = Release|Any CPU
		{423FFDCA-8A50-4A0F-8BE6-0282E6F53402}.Release|Any CPU.Build.0 = Release|Any CPU
		{423FFDCA-8A50-4A0F-8BE6-0282E6F53402}.Release|x64.ActiveCfg = Release|Any CPU
		{423FFDCA-8A50-4A0F-8BE6-0282E6F53402}.Release|x64.Build.0 = Release|Any CPU
		{423FFDCA-8A50-4A0F-8BE6-0282E6F53402}.Release|x86.ActiveCfg = Release|Any CPU
		{423FFDCA-8A50-4A0F-8BE6-0282E6F53402}.Release|x86.Build.0 = Release|Any CPU
		{53C9BA8E-67E2-487E-A257-25E8AB4A4C70}.Debug|Any CPU.ActiveCfg = Debug|Any CPU
		{53C9BA8E-67E2-487E-A257-25E8AB4A4C70}.Debug|Any CPU.Build.0 = Debug|Any CPU
		{53C9BA8E-67E2-487E-A257-25E8AB4A4C70}.Debug|x64.ActiveCfg = Debug|Any CPU
		{53C9BA8E-67E2-487E-A257-25E8AB4A4C70}.Debug|x64.Build.0 = Debug|Any CPU
		{53C9BA8E-67E2-487E-A257-25E8AB4A4C70}.Debug|x86.ActiveCfg = Debug|Any CPU
		{53C9BA8E-67E2-487E-A257-25E8AB4A4C70}.Debug|x86.Build.0 = Debug|Any CPU
		{53C9BA8E-67E2-487E-A257-25E8AB4A4C70}.Release|Any CPU.ActiveCfg = Release|Any CPU
		{53C9BA8E-67E2-487E-A257-25E8AB4A4C70}.Release|Any CPU.Build.0 = Release|Any CPU
		{53C9BA8E-67E2-487E-A257-25E8AB4A4C70}.Release|x64.ActiveCfg = Release|Any CPU
		{53C9BA8E-67E2-487E-A257-25E8AB4A4C70}.Release|x64.Build.0 = Release|Any CPU
		{53C9BA8E-67E2-487E-A257-25E8AB4A4C70}.Release|x86.ActiveCfg = Release|Any CPU
		{53C9BA8E-67E2-487E-A257-25E8AB4A4C70}.Release|x86.Build.0 = Release|Any CPU
	EndGlobalSection
	GlobalSection(SolutionProperties) = preSolution
		HideSolutionNode = FALSE
	EndGlobalSection
	GlobalSection(NestedProjects) = preSolution
		{423FFDCA-8A50-4A0F-8BE6-0282E6F53402} = {827E0CD3-B72D-47B6-A68D-7590B98EB39B}
		{53C9BA8E-67E2-487E-A257-25E8AB4A4C70} = {827E0CD3-B72D-47B6-A68D-7590B98EB39B}
	EndGlobalSection
EndGlobal
